
Microsoft Visual Studio Solution File, Format Version 12.00
# Visual Studio Version 17
VisualStudioVersion = 17.8.34525.116
MinimumVisualStudioVersion = 10.0.40219.1
Project("{FAE04EC0-301F-11D3-BF4B-00C04F79EFBC}") = "jeu_du_pendu", "jeu_du_pendu\jeu_du_pendu.csproj", "{A5EC6015-470D-40BB-BCBC-DA505F124595}"
EndProject
Global
	GlobalSection(SolutionConfigurationPlatforms) = preSolution
		Debug|Any CPU = Debug|Any CPU
		Release|Any CPU = Release|Any CPU
	EndGlobalSection
	GlobalSection(ProjectConfigurationPlatforms) = postSolution
		{A5EC6015-470D-40BB-BCBC-DA505F124595}.Debug|Any CPU.ActiveCfg = Debug|Any CPU
		{A5EC6015-470D-40BB-BCBC-DA505F124595}.Debug|Any CPU.Build.0 = Debug|Any CPU
		{A5EC6015-470D-40BB-BCBC-DA505F124595}.Release|Any CPU.ActiveCfg = Release|Any CPU
		{A5EC6015-470D-40BB-BCBC-DA505F124595}.Release|Any CPU.Build.0 = Release|Any CPU
	EndGlobalSection
	GlobalSection(SolutionProperties) = preSolution
		HideSolutionNode = FALSE
	EndGlobalSection
	GlobalSection(ExtensibilityGlobals) = postSolution
		SolutionGuid = {CFC3A2BB-DF05-4486-A713-9A83C0ED491D}
	EndGlobalSection
EndGlobal
